
Microsoft Visual Studio Solution File, Format Version 12.00
# Visual Studio Version 17
VisualStudioVersion = 17.0.31903.59
MinimumVisualStudioVersion = 10.0.40219.1
Project("{2150E333-8FDC-42A3-9474-1A3956D46DE8}") = "src", "src", "{E542AD9E-C172-43AB-B1CC-F2F4CC297E22}"
EndProject
Project("{FAE04EC0-301F-11D3-BF4B-00C04F79EFBC}") = "Gateway", "Gateway\Gateway.csproj", "{61B721FF-2447-40F4-A82B-300377AD8682}"
EndProject
Global
	GlobalSection(SolutionConfigurationPlatforms) = preSolution
		Debug|Any CPU = Debug|Any CPU
		Release|Any CPU = Release|Any CPU
	EndGlobalSection
	GlobalSection(ProjectConfigurationPlatforms) = postSolution
		{61B721FF-2447-40F4-A82B-300377AD8682}.Debug|Any CPU.ActiveCfg = Debug|Any CPU
		{61B721FF-2447-40F4-A82B-300377AD8682}.Debug|Any CPU.Build.0 = Debug|Any CPU
		{61B721FF-2447-40F4-A82B-300377AD8682}.Release|Any CPU.ActiveCfg = Release|Any CPU
		{61B721FF-2447-40F4-A82B-300377AD8682}.Release|Any CPU.Build.0 = Release|Any CPU
	EndGlobalSection
	GlobalSection(SolutionProperties) = preSolution
		HideSolutionNode = FALSE
	EndGlobalSection
	GlobalSection(NestedProjects) = preSolution
		{61B721FF-2447-40F4-A82B-300377AD8682} = {E542AD9E-C172-43AB-B1CC-F2F4CC297E22}
	EndGlobalSection
	GlobalSection(ExtensibilityGlobals) = postSolution
		SolutionGuid = {04B381EB-5A64-4811-A938-52A3D5E96495}
	EndGlobalSection
EndGlobal
